
Microsoft Visual Studio Solution File, Format Version 12.00
# Visual Studio Version 17
VisualStudioVersion = 17.8.34525.116
MinimumVisualStudioVersion = 10.0.40219.1
Project("{FAE04EC0-301F-11D3-BF4B-00C04F79EFBC}") = "ConsoleAppParcel2Go", "ConsoleAppParcel2Go\ConsoleAppParcel2Go.csproj", "{4CFADF5C-22A0-4FD8-A6DD-A6139B2DC21E}"
EndProject
Global
	GlobalSection(SolutionConfigurationPlatforms) = preSolution
		Debug|Any CPU = Debug|Any CPU
		Release|Any CPU = Release|Any CPU
	EndGlobalSection
	GlobalSection(ProjectConfigurationPlatforms) = postSolution
		{4CFADF5C-22A0-4FD8-A6DD-A6139B2DC21E}.Debug|Any CPU.ActiveCfg = Debug|Any CPU
		{4CFADF5C-22A0-4FD8-A6DD-A6139B2DC21E}.Debug|Any CPU.Build.0 = Debug|Any CPU
		{4CFADF5C-22A0-4FD8-A6DD-A6139B2DC21E}.Release|Any CPU.ActiveCfg = Release|Any CPU
		{4CFADF5C-22A0-4FD8-A6DD-A6139B2DC21E}.Release|Any CPU.Build.0 = Release|Any CPU
	EndGlobalSection
	GlobalSection(SolutionProperties) = preSolution
		HideSolutionNode = FALSE
	EndGlobalSection
	GlobalSection(ExtensibilityGlobals) = postSolution
		SolutionGuid = {00CFCF6F-10A9-4038-B02A-6587F7303F34}
	EndGlobalSection
EndGlobal
